{
  "name": "computer_configurator",
  "lockfileVersion": 3,
  "requires": true,
  "packages": {
    "": {
      "dependencies": {
        "drawflow": "^0.0.59"
      },
      "devDependencies": {
        "@types/drawflow": "^0.0.11"
      }
    },
    "node_modules/@types/drawflow": {
      "version": "0.0.11",
      "resolved": "https://registry.npmjs.org/@types/drawflow/-/drawflow-0.0.11.tgz",
      "integrity": "sha512-FkfkC0GUZJ6gEhwKR3WU0weiSwEfERiA0y6RD3t/RHsAqHZTh9jxG2BqFniFDxuiseD4W0yXxxsAphT2jdbXjQ==",
      "dev": true
    },
    "node_modules/drawflow": {
      "version": "0.0.59",
      "resolved": "https://registry.npmjs.org/drawflow/-/drawflow-0.0.59.tgz",
      "integrity": "sha512-HJM/8trYzignViTMzUSpskRclDhE62jM6oxjgqEJQBbkX9QvDG7JJwRlvdjqnjfL192Pdb0aIysrZMUqG8/vyg=="
    }
  }
}
